
Microsoft Visual Studio Solution File, Format Version 12.00
# Visual Studio 2012
Project("{FAE04EC0-301F-11D3-BF4B-00C04F79EFBC}") = "Calculatechange", "Calculatechange\Calculatechange.csproj", "{AC5CB160-B7DE-44C0-8547-8568FD46368B}"
EndProject
Global
	GlobalSection(SolutionConfigurationPlatforms) = preSolution
		Debug|Any CPU = Debug|Any CPU
		Release|Any CPU = Release|Any CPU
	EndGlobalSection
	GlobalSection(ProjectConfigurationPlatforms) = postSolution
		{AC5CB160-B7DE-44C0-8547-8568FD46368B}.Debug|Any CPU.ActiveCfg = Debug|Any CPU
		{AC5CB160-B7DE-44C0-8547-8568FD46368B}.Debug|Any CPU.Build.0 = Debug|Any CPU
		{AC5CB160-B7DE-44C0-8547-8568FD46368B}.Release|Any CPU.ActiveCfg = Release|Any CPU
		{AC5CB160-B7DE-44C0-8547-8568FD46368B}.Release|Any CPU.Build.0 = Release|Any CPU
	EndGlobalSection
	GlobalSection(SolutionProperties) = preSolution
		HideSolutionNode = FALSE
	EndGlobalSection
EndGlobal
